
Microsoft Visual Studio Solution File, Format Version 12.00
# Visual Studio Version 17
VisualStudioVersion = 17.14.37411.7
MinimumVisualStudioVersion = 10.0.40219.1
Project("{FAE04EC0-301F-11D3-BF4B-00C04F79EFBC}") = "Commons.Testing", "src\Commons.Testing\Commons.Testing.csproj", "{6516EEEC-C065-4F67-8FDD-2A7542132222}"
EndProject
Project("{FAE04EC0-301F-11D3-BF4B-00C04F79EFBC}") = "Commons.Testing.Tests", "tests\Commons.Testing.Tests\Commons.Testing.Tests.csproj", "{B3545288-38DF-4DAA-83D7-7C714F826708}"
EndProject
Project("{2150E333-8FDC-42A3-9474-1A3956D46DE8}") = "SolutionItems", "SolutionItems", "{02EA681E-C7D8-13C7-8484-4AC65E1B71E8}"
	ProjectSection(SolutionItems) = preProject
		azure-pipelines.yml = azure-pipelines.yml
	EndProjectSection
EndProject
Project("{2150E333-8FDC-42A3-9474-1A3956D46DE8}") = "src", "src", "{827E0CD3-B72D-47B6-A68D-7590B98EB39B}"
EndProject
Project("{FAE04EC0-301F-11D3-BF4B-00C04F79EFBC}") = "Commons.Testing.Ioc.Abstractions", "src\Commons.Testing.Ioc.Abstractions\Commons.Testing.Ioc.Abstractions.csproj", "{ACB55E4F-F92A-4F3E-8414-084D6A8E30C9}"
EndProject
Project("{FAE04EC0-301F-11D3-BF4B-00C04F79EFBC}") = "Commons.Testing.Ioc", "src\Commons.Testing.Ioc\Commons.Testing.Ioc.csproj", "{4DE122DF-9EE5-45A1-AF9D-08F825271F58}"
EndProject
Project("{FAE04EC0-301F-11D3-BF4B-00C04F79EFBC}") = "Commons.Testing.Ioc.WebHost", "src\Commons.Testing.Ioc.WebHost\Commons.Testing.Ioc.WebHost.csproj", "{52E860DC-CCA6-42C2-BECB-7DD6620FD757}"
EndProject
Project("{2150E333-8FDC-42A3-9474-1A3956D46DE8}") = "tests", "tests", "{0AB3BF05-4346-4AA6-1389-037BE0695223}"
EndProject
Project("{FAE04EC0-301F-11D3-BF4B-00C04F79EFBC}") = "Commons.Testing.Ioc.Tests", "tests\Commons.Testing.Ioc.Tests\Commons.Testing.Ioc.Tests.csproj", "{00410286-9A63-4AE9-BCBE-B6B610581D8E}"
EndProject
Project("{FAE04EC0-301F-11D3-BF4B-00C04F79EFBC}") = "Commons.Testing.Ioc.WebHost.Tests", "tests\Commons.Testing.Ioc.WebHost.Tests\Commons.Testing.Ioc.WebHost.Tests.csproj", "{3BB04C4A-105D-4374-891C-F727124C67D2}"
EndProject
Project("{FAE04EC0-301F-11D3-BF4B-00C04F79EFBC}") = "Commons.Testing.Ioc.WebHost.Tests.SampleApp", "tests\Commons.Testing.Ioc.WebHost.Tests.SampleApp\Commons.Testing.Ioc.WebHost.Tests.SampleApp.csproj", "{C13DD27B-84F9-4929-8366-2982694D3777}"
EndProject
Global
	GlobalSection(SolutionConfigurationPlatforms) = preSolution
		Debug|Any CPU = Debug|Any CPU
		Debug|x64 = Debug|x64
		Debug|x86 = Debug|x86
		Release|Any CPU = Release|Any CPU
		Release|x64 = Release|x64
		Release|x86 = Release|x86
	EndGlobalSection
	GlobalSection(ProjectConfigurationPlatforms) = postSolution
		{6516EEEC-C065-4F67-8FDD-2A7542132222}.Debug|Any CPU.ActiveCfg = Debug|Any CPU
		{6516EEEC-C065-4F67-8FDD-2A7542132222}.Debug|Any CPU.Build.0 = Debug|Any CPU
		{6516EEEC-C065-4F67-8FDD-2A7542132222}.Debug|x64.ActiveCfg = Debug|Any CPU
		{6516EEEC-C065-4F67-8FDD-2A7542132222}.Debug|x64.Build.0 = Debug|Any CPU
		{6516EEEC-C065-4F67-8FDD-2A7542132222}.Debug|x86.ActiveCfg = Debug|Any CPU
		{6516EEEC-C065-4F67-8FDD-2A7542132222}.Debug|x86.Build.0 = Debug|Any CPU
		{6516EEEC-C065-4F67-8FDD-2A7542132222}.Release|Any CPU.ActiveCfg = Release|Any CPU
		{6516EEEC-C065-4F67-8FDD-2A7542132222}.Release|Any CPU.Build.0 = Release|Any CPU
		{6516EEEC-C065-4F67-8FDD-2A7542132222}.Release|x64.ActiveCfg = Release|Any CPU
		{6516EEEC-C065-4F67-8FDD-2A7542132222}.Release|x64.Build.0 = Release|Any CPU
		{6516EEEC-C065-4F67-8FDD-2A7542132222}.Release|x86.ActiveCfg = Release|Any CPU
		{6516EEEC-C065-4F67-8FDD-2A7542132222}.Release|x86.Build.0 = Release|Any CPU
		{B3545288-38DF-4DAA-83D7-7C714F826708}.Debug|Any CPU.ActiveCfg = Debug|Any CPU
		{B3545288-38DF-4DAA-83D7-7C714F826708}.Debug|Any CPU.Build.0 = Debug|Any CPU
		{B3545288-38DF-4DAA-83D7-7C714F826708}.Debug|x64.ActiveCfg = Debug|Any CPU
		{B3545288-38DF-4DAA-83D7-7C714F826708}.Debug|x64.Build.0 = Debug|Any CPU
		{B3545288-38DF-4DAA-83D7-7C714F826708}.Debug|x86.ActiveCfg = Debug|Any CPU
		{B3545288-38DF-4DAA-83D7-7C714F826708}.Debug|x86.Build.0 = Debug|Any CPU
		{B3545288-38DF-4DAA-83D7-7C714F826708}.Release|Any CPU.ActiveCfg = Release|Any CPU
		{B3545288-38DF-4DAA-83D7-7C714F826708}.Release|Any CPU.Build.0 = Release|Any CPU
		{B3545288-38DF-4DAA-83D7-7C714F826708}.Release|x64.ActiveCfg = Release|Any CPU
		{B3545288-38DF-4DAA-83D7-7C714F826708}.Release|x64.Build.0 = Release|Any CPU
		{B3545288-38DF-4DAA-83D7-7C714F826708}.Release|x86.ActiveCfg = Release|Any CPU
		{B3545288-38DF-4DAA-83D7-7C714F826708}.Release|x86.Build.0 = Release|Any CPU
		{ACB55E4F-F92A-4F3E-8414-084D6A8E30C9}.Debug|Any CPU.ActiveCfg = Debug|Any CPU
		{ACB55E4F-F92A-4F3E-8414-084D6A8E30C9}.Debug|Any CPU.Build.0 = Debug|Any CPU
		{ACB55E4F-F92A-4F3E-8414-084D6A8E30C9}.Debug|x64.ActiveCfg = Debug|Any CPU
		{ACB55E4F-F92A-4F3E-8414-084D6A8E30C9}.Debug|x64.Build.0 = Debug|Any CPU
		{ACB55E4F-F92A-4F3E-8414-084D6A8E30C9}.Debug|x86.ActiveCfg = Debug|Any CPU
		{ACB55E4F-F92A-4F3E-8414-084D6A8E30C9}.Debug|x86.Build.0 = Debug|Any CPU
		{ACB55E4F-F92A-4F3E-8414-084D6A8E30C9}.Release|Any CPU.ActiveCfg = Release|Any CPU
		{ACB55E4F-F92A-4F3E-8414-084D6A8E30C9}.Release|Any CPU.Build.0 = Release|Any CPU
		{ACB55E4F-F92A-4F3E-8414-084D6A8E30C9}.Release|x64.ActiveCfg = Release|Any CPU
		{ACB55E4F-F92A-4F3E-8414-084D6A8E30C9}.Release|x64.Build.0 = Release|Any CPU
		{ACB55E4F-F92A-4F3E-8414-084D6A8E30C9}.Release|x86.ActiveCfg = Release|Any CPU
		{ACB55E4F-F92A-4F3E-8414-084D6A8E30C9}.Release|x86.Build.0 = Release|Any CPU
		{4DE122DF-9EE5-45A1-AF9D-08F825271F58}.Debug|Any CPU.ActiveCfg = Debug|Any CPU
		{4DE122DF-9EE5-45A1-AF9D-08F825271F58}.Debug|Any CPU.Build.0 = Debug|Any CPU
		{4DE122DF-9EE5-45A1-AF9D-08F825271F58}.Debug|x64.ActiveCfg = Debug|Any CPU
		{4DE122DF-9EE5-45A1-AF9D-08F825271F58}.Debug|x64.Build.0 = Debug|Any CPU
		{4DE122DF-9EE5-45A1-AF9D-08F825271F58}.Debug|x86.ActiveCfg = Debug|Any CPU
		{4DE122DF-9EE5-45A1-AF9D-08F825271F58}.Debug|x86.Build.0 = Debug|Any CPU
		{4DE122DF-9EE5-45A1-AF9D-08F825271F58}.Release|Any CPU.ActiveCfg = Release|Any CPU
		{4DE122DF-9EE5-45A1-AF9D-08F825271F58}.Release|Any CPU.Build.0 = Release|Any CPU
		{4DE122DF-9EE5-45A1-AF9D-08F825271F58}.Release|x64.ActiveCfg = Release|Any CPU
		{4DE122DF-9EE5-45A1-AF9D-08F825271F58}.Release|x64.Build.0 = Release|Any CPU
		{4DE122DF-9EE5-45A1-AF9D-08F825271F58}.Release|x86.ActiveCfg = Release|Any CPU
		{4DE122DF-9EE5-45A1-AF9D-08F825271F58}.Release|x86.Build.0 = Release|Any CPU
		{52E860DC-CCA6-42C2-BECB-7DD6620FD757}.Debug|Any CPU.ActiveCfg = Debug|Any CPU
		{52E860DC-CCA6-42C2-BECB-7DD6620FD757}.Debug|Any CPU.Build.0 = Debug|Any CPU
		{52E860DC-CCA6-42C2-BECB-7DD6620FD757}.Debug|x64.ActiveCfg = Debug|Any CPU
		{52E860DC-CCA6-42C2-BECB-7DD6620FD757}.Debug|x64.Build.0 = Debug|Any CPU
		{52E860DC-CCA6-42C2-BECB-7DD6620FD757}.Debug|x86.ActiveCfg = Debug|Any CPU
		{52E860DC-CCA6-42C2-BECB-7DD6620FD757}.Debug|x86.Build.0 = Debug|Any CPU
		{52E860DC-CCA6-42C2-BECB-7DD6620FD757}.Release|Any CPU.ActiveCfg = Release|Any CPU
		{52E860DC-CCA6-42C2-BECB-7DD6620FD757}.Release|Any CPU.Build.0 = Release|Any CPU
		{52E860DC-CCA6-42C2-BECB-7DD6620FD757}.Release|x64.ActiveCfg = Release|Any CPU
		{52E860DC-CCA6-42C2-BECB-7DD6620FD757}.Release|x64.Build.0 = Release|Any CPU
		{52E860DC-CCA6-42C2-BECB-7DD6620FD757}.Release|x86.ActiveCfg = Release|Any CPU
		{52E860DC-CCA6-42C2-BECB-7DD6620FD757}.Release|x86.Build.0 = Release|Any CPU
		{00410286-9A63-4AE9-BCBE-B6B610581D8E}.Debug|Any CPU.ActiveCfg = Debug|Any CPU
		{00410286-9A63-4AE9-BCBE-B6B610581D8E}.Debug|Any CPU.Build.0 = Debug|Any CPU
		{00410286-9A63-4AE9-BCBE-B6B610581D8E}.Debug|x64.ActiveCfg = Debug|Any CPU
		{00410286-9A63-4AE9-BCBE-B6B610581D8E}.Debug|x64.Build.0 = Debug|Any CPU
		{00410286-9A63-4AE9-BCBE-B6B610581D8E}.Debug|x86.ActiveCfg = Debug|Any CPU
		{00410286-9A63-4AE9-BCBE-B6B610581D8E}.Debug|x86.Build.0 = Debug|Any CPU
		{00410286-9A63-4AE9-BCBE-B6B610581D8E}.Release|Any CPU.ActiveCfg = Release|Any CPU
		{00410286-9A63-4AE9-BCBE-B6B610581D8E}.Release|Any CPU.Build.0 = Release|Any CPU
		{00410286-9A63-4AE9-BCBE-B6B610581D8E}.Release|x64.ActiveCfg = Release|Any CPU
		{00410286-9A63-4AE9-BCBE-B6B610581D8E}.Release|x64.Build.0 = Release|Any CPU
		{00410286-9A63-4AE9-BCBE-B6B610581D8E}.Release|x86.ActiveCfg = Release|Any CPU
		{00410286-9A63-4AE9-BCBE-B6B610581D8E}.Release|x86.Build.0 = Release|Any CPU
		{3BB04C4A-105D-4374-891C-F727124C67D2}.Debug|Any CPU.ActiveCfg = Debug|Any CPU
		{3BB04C4A-105D-4374-891C-F727124C67D2}.Debug|Any CPU.Build.0 = Debug|Any CPU
		{3BB04C4A-105D-4374-891C-F727124C67D2}.Debug|x64.ActiveCfg = Debug|Any CPU
		{3BB04C4A-105D-4374-891C-F727124C67D2}.Debug|x64.Build.0 = Debug|Any CPU
		{3BB04C4A-105D-4374-891C-F727124C67D2}.Debug|x86.ActiveCfg = Debug|Any CPU
		{3BB04C4A-105D-4374-891C-F727124C67D2}.Debug|x86.Build.0 = Debug|Any CPU
		{3BB04C4A-105D-4374-891C-F727124C67D2}.Release|Any CPU.ActiveCfg = Release|Any CPU
		{3BB04C4A-105D-4374-891C-F727124C67D2}.Release|Any CPU.Build.0 = Release|Any CPU
		{3BB04C4A-105D-4374-891C-F727124C67D2}.Release|x64.ActiveCfg = Release|Any CPU
		{3BB04C4A-105D-4374-891C-F727124C67D2}.Release|x64.Build.0 = Release|Any CPU
		{3BB04C4A-105D-4374-891C-F727124C67D2}.Release|x86.ActiveCfg = Release|Any CPU
		{3BB04C4A-105D-4374-891C-F727124C67D2}.Release|x86.Build.0 = Release|Any CPU
		{C13DD27B-84F9-4929-8366-2982694D3777}.Debug|Any CPU.ActiveCfg = Debug|Any CPU
		{C13DD27B-84F9-4929-8366-2982694D3777}.Debug|Any CPU.Build.0 = Debug|Any CPU
		{C13DD27B-84F9-4929-8366-2982694D3777}.Debug|x64.ActiveCfg = Debug|Any CPU
		{C13DD27B-84F9-4929-8366-2982694D3777}.Debug|x64.Build.0 = Debug|Any CPU
		{C13DD27B-84F9-4929-8366-2982694D3777}.Debug|x86.ActiveCfg = Debug|Any CPU
		{C13DD27B-84F9-4929-8366-2982694D3777}.Debug|x86.Build.0 = Debug|Any CPU
		{C13DD27B-84F9-4929-8366-2982694D3777}.Release|Any CPU.ActiveCfg = Release|Any CPU
		{C13DD27B-84F9-4929-8366-2982694D3777}.Release|Any CPU.Build.0 = Release|Any CPU
		{C13DD27B-84F9-4929-8366-2982694D3777}.Release|x64.ActiveCfg = Release|Any CPU
		{C13DD27B-84F9-4929-8366-2982694D3777}.Release|x64.Build.0 = Release|Any CPU
		{C13DD27B-84F9-4929-8366-2982694D3777}.Release|x86.ActiveCfg = Release|Any CPU
		{C13DD27B-84F9-4929-8366-2982694D3777}.Release|x86.Build.0 = Release|Any CPU
	EndGlobalSection
	GlobalSection(SolutionProperties) = preSolution
		HideSolutionNode = FALSE
	EndGlobalSection
	GlobalSection(NestedProjects) = preSolution
		{ACB55E4F-F92A-4F3E-8414-084D6A8E30C9} = {827E0CD3-B72D-47B6-A68D-7590B98EB39B}
		{4DE122DF-9EE5-45A1-AF9D-08F825271F58} = {827E0CD3-B72D-47B6-A68D-7590B98EB39B}
		{52E860DC-CCA6-42C2-BECB-7DD6620FD757} = {827E0CD3-B72D-47B6-A68D-7590B98EB39B}
		{00410286-9A63-4AE9-BCBE-B6B610581D8E} = {0AB3BF05-4346-4AA6-1389-037BE0695223}
		{3BB04C4A-105D-4374-891C-F727124C67D2} = {0AB3BF05-4346-4AA6-1389-037BE0695223}
		{C13DD27B-84F9-4929-8366-2982694D3777} = {0AB3BF05-4346-4AA6-1389-037BE0695223}
	EndGlobalSection
	GlobalSection(ExtensibilityGlobals) = postSolution
		SolutionGuid = {9B9181F5-7452-4F63-AAE8-8F8422CDE9A0}
	EndGlobalSection
EndGlobal
